// !$*UTF8*$!
{
	archiveVersion = 1;
	classes = {
	};
	objectVersion = 46;
	objects = {

/* Begin PBXBuildFile section */
		D55CB63319538D3800676EB4 /* Foundation.framework in Frameworks */ = {isa = PBXBuildFile; fileRef = D55CB63219538D3800676EB4 /* Foundation.framework */; };
		D55CB63519538D3800676EB4 /* CoreGraphics.framework in Frameworks */ = {isa = PBXBuildFile; fileRef = D55CB63419538D3800676EB4 /* CoreGraphics.framework */; };
		D55CB63719538D3800676EB4 /* UIKit.framework in Frameworks */ = {isa = PBXBuildFile; fileRef = D55CB63619538D3800676EB4 /* UIKit.framework */; };
		D55CB63D19538D3800676EB4 /* InfoPlist.strings in Resources */ = {isa = PBXBuildFile; fileRef = D55CB63B19538D3800676EB4 /* InfoPlist.strings */; };
		D55CB63F19538D3800676EB4 /* main.m in Sources */ = {isa = PBXBuildFile; fileRef = D55CB63E19538D3800676EB4 /* main.m */; };
		D55CB64319538D3800676EB4 /* CCAppDelegate.m in Sources */ = {isa = PBXBuildFile; fileRef = D55CB64219538D3800676EB4 /* CCAppDelegate.m */; };
		D55CB64619538D3800676EB4 /* Main.storyboard in Resources */ = {isa = PBXBuildFile; fileRef = D55CB64419538D3800676EB4 /* Main.storyboard */; };
		D55CB64B19538D3800676EB4 /* Images.xcassets in Resources */ = {isa = PBXBuildFile; fileRef = D55CB64A19538D3800676EB4 /* Images.xcassets */; };
		D55CB65219538D3900676EB4 /* XCTest.framework in Frameworks */ = {isa = PBXBuildFile; fileRef = D55CB65119538D3900676EB4 /* XCTest.framework */; };
		D55CB65319538D3900676EB4 /* Foundation.framework in Frameworks */ = {isa = PBXBuildFile; fileRef = D55CB63219538D3800676EB4 /* Foundation.framework */; };
		D55CB65419538D3900676EB4 /* UIKit.framework in Frameworks */ = {isa = PBXBuildFile; fileRef = D55CB63619538D3800676EB4 /* UIKit.framework */; };
		D55CB65C19538D3900676EB4 /* InfoPlist.strings in Resources */ = {isa = PBXBuildFile; fileRef = D55CB65A19538D3900676EB4 /* InfoPlist.strings */; };
		D55CB65E19538D3900676EB4 /* UITableViewController_SolutionTests.m in Sources */ = {isa = PBXBuildFile; fileRef = D55CB65D19538D3900676EB4 /* UITableViewController_SolutionTests.m */; };
		D55CB6691953912200676EB4 /* CCTableViewController.m in Sources */ = {isa = PBXBuildFile; fileRef = D55CB6681953912200676EB4 /* CCTableViewController.m */; };
/* End PBXBuildFile section */

/* Begin PBXContainerItemProxy section */
		D55CB65519538D3900676EB4 /* PBXContainerItemProxy */ = {
			isa = PBXContainerItemProxy;
			containerPortal = D55CB62719538D3800676EB4 /* Project object */;
			proxyType = 1;
			remoteGlobalIDString = D55CB62E19538D3800676EB4;
			remoteInfo = "UITableViewController Solution";
		};
/* End PBXContainerItemProxy section */

/* Begin PBXFileReference section */
		D55CB62F19538D3800676EB4 /* UITableViewController Solution.app */ = {isa = PBXFileReference; explicitFileType = wrapper.application; includeInIndex = 0; path = "UITableViewController Solution.app"; sourceTree = BUILT_PRODUCTS_DIR; };
		D55CB63219538D3800676EB4 /* Foundation.framework */ = {isa = PBXFileReference; lastKnownFileType = wrapper.framework; name = Foundation.framework; path = System/Library/Frameworks/Foundation.framework; sourceTree = SDKROOT; };
		D55CB63419538D3800676EB4 /* CoreGraphics.framework */ = {isa = PBXFileReference; lastKnownFileType = wrapper.framework; name = CoreGraphics.framework; path = System/Library/Frameworks/CoreGraphics.framework; sourceTree = SDKROOT; };
		D55CB63619538D3800676EB4 /* UIKit.framework */ = {isa = PBXFileReference; lastKnownFileType = wrapper.framework; name = UIKit.framework; path = System/Library/Frameworks/UIKit.framework; sourceTree = SDKROOT; };
		D55CB63A19538D3800676EB4 /* UITableViewController Solution-Info.plist */ = {isa = PBXFileReference; lastKnownFileType = text.plist.xml; path = "UITableViewController Solution-Info.plist"; sourceTree = "<group>"; };
		D55CB63C19538D3800676EB4 /* en */ = {isa = PBXFileReference; lastKnownFileType = text.plist.strings; name = en; path = en.lproj/InfoPlist.strings; sourceTree = "<group>"; };
		D55CB63E19538D3800676EB4 /* main.m */ = {isa = PBXFileReference; lastKnownFileType = sourcecode.c.objc; path = main.m; sourceTree = "<group>"; };
		D55CB64019538D3800676EB4 /* UITableViewController Solution-Prefix.pch */ = {isa = PBXFileReference; lastKnownFileType = sourcecode.c.h; path = "UITableViewController Solution-Prefix.pch"; sourceTree = "<group>"; };
		D55CB64119538D3800676EB4 /* CCAppDelegate.h */ = {isa = PBXFileReference; lastKnownFileType = sourcecode.c.h; path = CCAppDelegate.h; sourceTree = "<group>"; };
		D55CB64219538D3800676EB4 /* CCAppDelegate.m */ = {isa = PBXFileReference; lastKnownFileType = sourcecode.c.objc; path = CCAppDelegate.m; sourceTree = "<group>"; };
		D55CB64519538D3800676EB4 /* Base */ = {isa = PBXFileReference; lastKnownFileType = file.storyboard; name = Base; path = Base.lproj/Main.storyboard; sourceTree = "<group>"; };
		D55CB64A19538D3800676EB4 /* Images.xcassets */ = {isa = PBXFileReference; lastKnownFileType = folder.assetcatalog; path = Images.xcassets; sourceTree = "<group>"; };
		D55CB65019538D3900676EB4 /* UITableViewController SolutionTests.xctest */ = {isa = PBXFileReference; explicitFileType = wrapper.cfbundle; includeInIndex = 0; path = "UITableViewController SolutionTests.xctest"; sourceTree = BUILT_PRODUCTS_DIR; };
		D55CB65119538D3900676EB4 /* XCTest.framework */ = {isa = PBXFileReference; lastKnownFileType = wrapper.framework; name = XCTest.framework; path = Library/Frameworks/XCTest.framework; sourceTree = DEVELOPER_DIR; };
		D55CB65919538D3900676EB4 /* UITableViewController SolutionTests-Info.plist */ = {isa = PBXFileReference; lastKnownFileType = text.plist.xml; path = "UITableViewController SolutionTests-Info.plist"; sourceTree = "<group>"; };
		D55CB65B19538D3900676EB4 /* en */ = {isa = PBXFileReference; lastKnownFileType = text.plist.strings; name = en; path = en.lproj/InfoPlist.strings; sourceTree = "<group>"; };
		D55CB65D19538D3900676EB4 /* UITableViewController_SolutionTests.m */ = {isa = PBXFileReference; lastKnownFileType = sourcecode.c.objc; path = UITableViewController_SolutionTests.m; sourceTree = "<group>"; };
		D55CB6671953912200676EB4 /* CCTableViewController.h */ = {isa = PBXFileReference; fileEncoding = 4; lastKnownFileType = sourcecode.c.h; name = CCTableViewController.h; path = ../CCTableViewController.h; sourceTree = "<group>"; };
		D55CB6681953912200676EB4 /* CCTableViewController.m */ = {isa = PBXFileReference; fileEncoding = 4; lastKnownFileType = sourcecode.c.objc; name = CCTableViewController.m; path = ../CCTableViewController.m; sourceTree = "<group>"; };
/* End PBXFileReference section */

/* Begin PBXFrameworksBuildPhase section */
		D55CB62C19538D3800676EB4 /* Frameworks */ = {
			isa = PBXFrameworksBuildPhase;
			buildActionMask = 2147483647;
			files = (
				D55CB63519538D3800676EB4 /* CoreGraphics.framework in Frameworks */,
				D55CB63719538D3800676EB4 /* UIKit.framework in Frameworks */,
				D55CB63319538D3800676EB4 /* Foundation.framework in Frameworks */,
			);
			runOnlyForDeploymentPostprocessing = 0;
		};
		D55CB64D19538D3800676EB4 /* Frameworks */ = {
			isa = PBXFrameworksBuildPhase;
			buildActionMask = 2147483647;
			files = (
				D55CB65219538D3900676EB4 /* XCTest.framework in Frameworks */,
				D55CB65419538D3900676EB4 /* UIKit.framework in Frameworks */,
				D55CB65319538D3900676EB4 /* Foundation.framework in Frameworks */,
			);
			runOnlyForDeploymentPostprocessing = 0;
		};
/* End PBXFrameworksBuildPhase section */

/* Begin PBXGroup section */
		D55CB62619538D3800676EB4 = {
			isa = PBXGroup;
			children = (
				D55CB63819538D3800676EB4 /* UITableViewController Solution */,
				D55CB65719538D3900676EB4 /* UITableViewController SolutionTests */,
				D55CB63119538D3800676EB4 /* Frameworks */,
				D55CB63019538D3800676EB4 /* Products */,
			);
			sourceTree = "<group>";
		};
		D55CB63019538D3800676EB4 /* Products */ = {
			isa = PBXGroup;
			children = (
				D55CB62F19538D3800676EB4 /* UITableViewController Solution.app */,
				D55CB65019538D3900676EB4 /* UITableViewController SolutionTests.xctest */,
			);
			name = Products;
			sourceTree = "<group>";
		};
		D55CB63119538D3800676EB4 /* Frameworks */ = {
			isa = PBXGroup;
			children = (
				D55CB63219538D3800676EB4 /* Foundation.framework */,
				D55CB63419538D3800676EB4 /* CoreGraphics.framework */,
				D55CB63619538D3800676EB4 /* UIKit.framework */,
				D55CB65119538D3900676EB4 /* XCTest.framework */,
			);
			name = Frameworks;
			sourceTree = "<group>";
		};
		D55CB63819538D3800676EB4 /* UITableViewController Solution */ = {
			isa = PBXGroup;
			children = (
				D55CB64119538D3800676EB4 /* CCAppDelegate.h */,
				D55CB64219538D3800676EB4 /* CCAppDelegate.m */,
				D55CB64419538D3800676EB4 /* Main.storyboard */,
				D55CB6671953912200676EB4 /* CCTableViewController.h */,
				D55CB6681953912200676EB4 /* CCTableViewController.m */,
				D55CB64A19538D3800676EB4 /* Images.xcassets */,
				D55CB63919538D3800676EB4 /* Supporting Files */,
			);
			path = "UITableViewController Solution";
			sourceTree = "<group>";
		};
		D55CB63919538D3800676EB4 /* Supporting Files */ = {
			isa = PBXGroup;
			children = (
				D55CB63A19538D3800676EB4 /* UITableViewController Solution-Info.plist */,
				D55CB63B19538D3800676EB4 /* InfoPlist.strings */,
				D55CB63E19538D3800676EB4 /* main.m */,
				D55CB64019538D3800676EB4 /* UITableViewController Solution-Prefix.pch */,
			);
			name = "Supporting Files";
			sourceTree = "<group>";
		};
		D55CB65719538D3900676EB4 /* UITableViewController SolutionTests */ = {
			isa = PBXGroup;
			children = (
				D55CB65D19538D3900676EB4 /* UITableViewController_SolutionTests.m */,
				D55CB65819538D3900676EB4 /* Supporting Files */,
			);
			path = "UITableViewController SolutionTests";
			sourceTree = "<group>";
		};
		D55CB65819538D3900676EB4 /* Supporting Files */ = {
			isa = PBXGroup;
			children = (
				D55CB65919538D3900676EB4 /* UITableViewController SolutionTests-Info.plist */,
				D55CB65A19538D3900676EB4 /* InfoPlist.strings */,
			);
			name = "Supporting Files";
			sourceTree = "<group>";
		};
/* End PBXGroup section */

/* Begin PBXNativeTarget section */
		D55CB62E19538D3800676EB4 /* UITableViewController Solution */ = {
			isa = PBXNativeTarget;
			buildConfigurationList = D55CB66119538D3900676EB4 /* Build configuration list for PBXNativeTarget "UITableViewController Solution" */;
			buildPhases = (
				D55CB62B19538D3800676EB4 /* Sources */,
				D55CB62C19538D3800676EB4 /* Frameworks */,
				D55CB62D19538D3800676EB4 /* Resources */,
			);
			buildRules = (
			);
			dependencies = (
			);
			name = "UITableViewController Solution";
			productName = "UITableViewController Solution";
			productReference = D55CB62F19538D3800676EB4 /* UITableViewController Solution.app */;
			productType = "com.apple.product-type.application";
		};
		D55CB64F19538D3800676EB4 /* UITableViewController SolutionTests */ = {
			isa = PBXNativeTarget;
			buildConfigurationList = D55CB66419538D3900676EB4 /* Build configuration list for PBXNativeTarget "UITableViewController SolutionTests" */;
			buildPhases = (
				D55CB64C19538D3800676EB4 /* Sources */,
				D55CB64D19538D3800676EB4 /* Frameworks */,
				D55CB64E19538D3800676EB4 /* Resources */,
			);
			buildRules = (
			);
			dependencies = (
				D55CB65619538D3900676EB4 /* PBXTargetDependency */,
			);
			name = "UITableViewController SolutionTests";
			productName = "UITableViewController SolutionTests";
			productReference = D55CB65019538D3900676EB4 /* UITableViewController SolutionTests.xctest */;
			productType = "com.apple.product-type.bundle.unit-test";
		};
/* End PBXNativeTarget section */

/* Begin PBXProject section */
		D55CB62719538D3800676EB4 /* Project object */ = {
			isa = PBXProject;
			attributes = {
				CLASSPREFIX = CC;
				LastUpgradeCheck = 0510;
				TargetAttributes = {
					D55CB64F19538D3800676EB4 = {
						TestTargetID = D55CB62E19538D3800676EB4;
					};
				};
			};
			buildConfigurationList = D55CB62A19538D3800676EB4 /* Build configuration list for PBXProject "UITableViewController Solution" */;
			compatibilityVersion = "Xcode 3.2";
			developmentRegion = English;
			hasScannedForEncodings = 0;
			knownRegions = (
				en,
				Base,
			);
			mainGroup = D55CB62619538D3800676EB4;
			productRefGroup = D55CB63019538D3800676EB4 /* Products */;
			projectDirPath = "";
			projectRoot = "";
			targets = (
				D55CB62E19538D3800676EB4 /* UITableViewController Solution */,
				D55CB64F19538D3800676EB4 /* UITableViewController SolutionTests */,
			);
		};
/* End PBXProject section */

/* Begin PBXResourcesBuildPhase section */
		D55CB62D19538D3800676EB4 /* Resources */ = {
			isa = PBXResourcesBuildPhase;
			buildActionMask = 2147483647;
			files = (
				D55CB64B19538D3800676EB4 /* Images.xcassets in Resources */,
				D55CB63D19538D3800676EB4 /* InfoPlist.strings in Resources */,
				D55CB64619538D3800676EB4 /* Main.storyboard in Resources */,
			);
			runOnlyForDeploymentPostprocessing = 0;
		};
		D55CB64E19538D3800676EB4 /* Resources */ = {
			isa = PBXResourcesBuildPhase;
			buildActionMask = 2147483647;
			files = (
				D55CB65C19538D3900676EB4 /* InfoPlist.strings in Resources */,
			);
			runOnlyForDeploymentPostprocessing = 0;
		};
/* End PBXResourcesBuildPhase section */

/* Begin PBXSourcesBuildPhase section */
		D55CB62B19538D3800676EB4 /* Sources */ = {
			isa = PBXSourcesBuildPhase;
			buildActionMask = 2147483647;
			files = (
				D55CB64319538D3800676EB4 /* CCAppDelegate.m in Sources */,
				D55CB63F19538D3800676EB4 /* main.m in Sources */,
				D55CB6691953912200676EB4 /* CCTableViewController.m in Sources */,
			);
			runOnlyForDeploymentPostprocessing = 0;
		};
		D55CB64C19538D3800676EB4 /* Sources */ = {
			isa = PBXSourcesBuildPhase;
			buildActionMask = 2147483647;
			files = (
				D55CB65E19538D3900676EB4 /* UITableViewController_SolutionTests.m in Sources */,
			);
			runOnlyForDeploymentPostprocessing = 0;
		};
/* End PBXSourcesBuildPhase section */

/* Begin PBXTargetDependency section */
		D55CB65619538D3900676EB4 /* PBXTargetDependency */ = {
			isa = PBXTargetDependency;
			target = D55CB62E19538D3800676EB4 /* UITableViewController Solution */;
			targetProxy = D55CB65519538D3900676EB4 /* PBXContainerItemProxy */;
		};
/* End PBXTargetDependency section */

/* Begin PBXVariantGroup section */
		D55CB63B19538D3800676EB4 /* InfoPlist.strings */ = {
			isa = PBXVariantGroup;
			children = (
				D55CB63C19538D3800676EB4 /* en */,
			);
			name = InfoPlist.strings;
			sourceTree = "<group>";
		};
		D55CB64419538D3800676EB4 /* Main.storyboard */ = {
			isa = PBXVariantGroup;
			children = (
				D55CB64519538D3800676EB4 /* Base */,
			);
			name = Main.storyboard;
			sourceTree = "<group>";
		};
		D55CB65A19538D3900676EB4 /* InfoPlist.strings */ = {
			isa = PBXVariantGroup;
			children = (
				D55CB65B19538D3900676EB4 /* en */,
			);
			name = InfoPlist.strings;
			sourceTree = "<group>";
		};
/* End PBXVariantGroup section */

/* Begin XCBuildConfiguration section */
		D55CB65F19538D3900676EB4 /* Debug */ = {
			isa = XCBuildConfiguration;
			buildSettings = {
				ALWAYS_SEARCH_USER_PATHS = NO;
				CLANG_CXX_LANGUAGE_STANDARD = "gnu++0x";
				CLANG_CXX_LIBRARY = "libc++";
				CLANG_ENABLE_MODULES = YES;
				CLANG_ENABLE_OBJC_ARC = YES;
				CLANG_WARN_BOOL_CONVERSION = YES;
				CLANG_WARN_CONSTANT_CONVERSION = YES;
				CLANG_WARN_DIRECT_OBJC_ISA_USAGE = YES_ERROR;
				CLANG_WARN_EMPTY_BODY = YES;
				CLANG_WARN_ENUM_CONVERSION = YES;
				CLANG_WARN_INT_CONVERSION = YES;
				CLANG_WARN_OBJC_ROOT_CLASS = YES_ERROR;
				CLANG_WARN__DUPLICATE_METHOD_MATCH = YES;
				"CODE_SIGN_IDENTITY[sdk=iphoneos*]" = "iPhone Developer";
				COPY_PHASE_STRIP = NO;
				GCC_C_LANGUAGE_STANDARD = gnu99;
				GCC_DYNAMIC_NO_PIC = NO;
				GCC_OPTIMIZATION_LEVEL = 0;
				GCC_PREPROCESSOR_DEFINITIONS = (
					"DEBUG=1",
					"$(inherited)",
				);
				GCC_SYMBOLS_PRIVATE_EXTERN = NO;
				GCC_WARN_64_TO_32_BIT_CONVERSION = YES;
				GCC_WARN_ABOUT_RETURN_TYPE = YES_ERROR;
				GCC_WARN_UNDECLARED_SELECTOR = YES;
				GCC_WARN_UNINITIALIZED_AUTOS = YES_AGGRESSIVE;
				GCC_WARN_UNUSED_FUNCTION = YES;
				GCC_WARN_UNUSED_VARIABLE = YES;
				IPHONEOS_DEPLOYMENT_TARGET = 7.1;
				ONLY_ACTIVE_ARCH = YES;
				SDKROOT = iphoneos;
			};
			name = Debug;
		};
		D55CB66019538D3900676EB4 /* Release */ = {
			isa = XCBuildConfiguration;
			buildSettings = {
				ALWAYS_SEARCH_USER_PATHS = NO;
				CLANG_CXX_LANGUAGE_STANDARD = "gnu++0x";
				CLANG_CXX_LIBRARY = "libc++";
				CLANG_ENABLE_MODULES = YES;
				CLANG_ENABLE_OBJC_ARC = YES;
				CLANG_WARN_BOOL_CONVERSION = YES;
				CLANG_WARN_CONSTANT_CONVERSION = YES;
				CLANG_WARN_DIRECT_OBJC_ISA_USAGE = YES_ERROR;
				CLANG_WARN_EMPTY_BODY = YES;
				CLANG_WARN_ENUM_CONVERSION = YES;
				CLANG_WARN_INT_CONVERSION = YES;
				CLANG_WARN_OBJC_ROOT_CLASS = YES_ERROR;
				CLANG_WARN__DUPLICATE_METHOD_MATCH = YES;
				"CODE_SIGN_IDENTITY[sdk=iphoneos*]" = "iPhone Developer";
				COPY_PHASE_STRIP = YES;
				ENABLE_NS_ASSERTIONS = NO;
				GCC_C_LANGUAGE_STANDARD = gnu99;
				GCC_WARN_64_TO_32_BIT_CONVERSION = YES;
				GCC_WARN_ABOUT_RETURN_TYPE = YES_ERROR;
				GCC_WARN_UNDECLARED_SELECTOR = YES;
				GCC_WARN_UNINITIALIZED_AUTOS = YES_AGGRESSIVE;
				GCC_WARN_UNUSED_FUNCTION = YES;
				GCC_WARN_UNUSED_VARIABLE = YES;
				IPHONEOS_DEPLOYMENT_TARGET = 7.1;
				SDKROOT = iphoneos;
				VALIDATE_PRODUCT = YES;
			};
			name = Release;
		};
		D55CB66219538D3900676EB4 /* Debug */ = {
			isa = XCBuildConfiguration;
			buildSettings = {
				ASSETCATALOG_COMPILER_APPICON_NAME = AppIcon;
				ASSETCATALOG_COMPILER_LAUNCHIMAGE_NAME = LaunchImage;
				GCC_PRECOMPILE_PREFIX_HEADER = YES;
				GCC_PREFIX_HEADER = "UITableViewController Solution/UITableViewController Solution-Prefix.pch";
				INFOPLIST_FILE = "UITableViewController Solution/UITableViewController Solution-Info.plist";
				PRODUCT_NAME = "$(TARGET_NAME)";
				WRAPPER_EXTENSION = app;
			};
			name = Debug;
		};
		D55CB66319538D3900676EB4 /* Release */ = {
			isa = XCBuildConfiguration;
			buildSettings = {
				ASSETCATALOG_COMPILER_APPICON_NAME = AppIcon;
				ASSETCATALOG_COMPILER_LAUNCHIMAGE_NAME = LaunchImage;
				GCC_PRECOMPILE_PREFIX_HEADER = YES;
				GCC_PREFIX_HEADER = "UITableViewController Solution/UITableViewController Solution-Prefix.pch";
				INFOPLIST_FILE = "UITableViewController Solution/UITableViewController Solution-Info.plist";
				PRODUCT_NAME = "$(TARGET_NAME)";
				WRAPPER_EXTENSION = app;
			};
			name = Release;
		};
		D55CB66519538D3900676EB4 /* Debug */ = {
			isa = XCBuildConfiguration;
			buildSettings = {
				BUNDLE_LOADER = "$(BUILT_PRODUCTS_DIR)/UITableViewController Solution.app/UITableViewController Solution";
				FRAMEWORK_SEARCH_PATHS = (
					"$(SDKROOT)/Developer/Library/Frameworks",
					"$(inherited)",
					"$(DEVELOPER_FRAMEWORKS_DIR)",
				);
				GCC_PRECOMPILE_PREFIX_HEADER = YES;
				GCC_PREFIX_HEADER = "UITableViewController Solution/UITableViewController Solution-Prefix.pch";
				GCC_PREPROCESSOR_DEFINITIONS = (
					"DEBUG=1",
					"$(inherited)",
				);
				INFOPLIST_FILE = "UITableViewController SolutionTests/UITableViewController SolutionTests-Info.plist";
				PRODUCT_NAME = "$(TARGET_NAME)";
				TEST_HOST = "$(BUNDLE_LOADER)";
				WRAPPER_EXTENSION = xctest;
			};
			name = Debug;
		};
		D55CB66619538D3900676EB4 /* Release */ = {
			isa = XCBuildConfiguration;
			buildSettings = {
				BUNDLE_LOADER = "$(BUILT_PRODUCTS_DIR)/UITableViewController Solution.app/UITableViewController Solution";
				FRAMEWORK_SEARCH_PATHS = (
					"$(SDKROOT)/Developer/Library/Frameworks",
					"$(inherited)",
					"$(DEVELOPER_FRAMEWORKS_DIR)",
				);
				GCC_PRECOMPILE_PREFIX_HEADER = YES;
				GCC_PREFIX_HEADER = "UITableViewController Solution/UITableViewController Solution-Prefix.pch";
				INFOPLIST_FILE = "UITableViewController SolutionTests/UITableViewController SolutionTests-Info.plist";
				PRODUCT_NAME = "$(TARGET_NAME)";
				TEST_HOST = "$(BUNDLE_LOADER)";
				WRAPPER_EXTENSION = xctest;
			};
			name = Release;
		};
/* End XCBuildConfiguration section */

/* Begin XCConfigurationList section */
		D55CB62A19538D3800676EB4 /* Build configuration list for PBXProject "UITableViewController Solution" */ = {
			isa = XCConfigurationList;
			buildConfigurations = (
				D55CB65F19538D3900676EB4 /* Debug */,
				D55CB66019538D3900676EB4 /* Release */,
			);
			defaultConfigurationIsVisible = 0;
			defaultConfigurationName = Release;
		};
		D55CB66119538D3900676EB4 /* Build configuration list for PBXNativeTarget "UITableViewController Solution" */ = {
			isa = XCConfigurationList;
			buildConfigurations = (
				D55CB66219538D3900676EB4 /* Debug */,
				D55CB66319538D3900676EB4 /* Release */,
			);
			defaultConfigurationIsVisible = 0;
		};
		D55CB66419538D3900676EB4 /* Build configuration list for PBXNativeTarget "UITableViewController SolutionTests" */ = {
			isa = XCConfigurationList;
			buildConfigurations = (
				D55CB66519538D3900676EB4 /* Debug */,
				D55CB66619538D3900676EB4 /* Release */,
			);
			defaultConfigurationIsVisible = 0;
		};
/* End XCConfigurationList section */
	};
	rootObject = D55CB62719538D3800676EB4 /* Project object */;
}
